
Microsoft Visual Studio Solution File, Format Version 12.00
# Visual Studio Version 17
VisualStudioVersion = 17.14.36603.0
MinimumVisualStudioVersion = 10.0.40219.1
Project("{FAE04EC0-301F-11D3-BF4B-00C04F79EFBC}") = "PortfolioConstruct", "PortfolioConstruct\PortfolioConstruct.csproj", "{A8D2E9B4-A4E9-43F5-899D-96D335B4F398}"
EndProject
Global
	GlobalSection(SolutionConfigurationPlatforms) = preSolution
		Debug|Any CPU = Debug|Any CPU
		Release|Any CPU = Release|Any CPU
	EndGlobalSection
	GlobalSection(ProjectConfigurationPlatforms) = postSolution
		{A8D2E9B4-A4E9-43F5-899D-96D335B4F398}.Debug|Any CPU.ActiveCfg = Debug|Any CPU
		{A8D2E9B4-A4E9-43F5-899D-96D335B4F398}.Debug|Any CPU.Build.0 = Debug|Any CPU
		{A8D2E9B4-A4E9-43F5-899D-96D335B4F398}.Release|Any CPU.ActiveCfg = Release|Any CPU
		{A8D2E9B4-A4E9-43F5-899D-96D335B4F398}.Release|Any CPU.Build.0 = Release|Any CPU
	EndGlobalSection
	GlobalSection(SolutionProperties) = preSolution
		HideSolutionNode = FALSE
	EndGlobalSection
	GlobalSection(ExtensibilityGlobals) = postSolution
		SolutionGuid = {84D14FD2-4FA6-400E-9FB9-D91F9E8F2D8B}
	EndGlobalSection
EndGlobal
